
Microsoft Visual Studio Solution File, Format Version 12.00
# Visual Studio Version 17
VisualStudioVersion = 17.7.34202.233
MinimumVisualStudioVersion = 10.0.40219.1
Project("{FAE04EC0-301F-11D3-BF4B-00C04F79EFBC}") = "Drapieznik-ofiara", "Drapieznik-ofiara\Drapieznik-ofiara.csproj", "{F117ACB2-ACA8-44C4-A15B-5AAC5B3D2860}"
EndProject
Global
	GlobalSection(SolutionConfigurationPlatforms) = preSolution
		Debug|Any CPU = Debug|Any CPU
		Release|Any CPU = Release|Any CPU
	EndGlobalSection
	GlobalSection(ProjectConfigurationPlatforms) = postSolution
		{F117ACB2-ACA8-44C4-A15B-5AAC5B3D2860}.Debug|Any CPU.ActiveCfg = Debug|Any CPU
		{F117ACB2-ACA8-44C4-A15B-5AAC5B3D2860}.Debug|Any CPU.Build.0 = Debug|Any CPU
		{F117ACB2-ACA8-44C4-A15B-5AAC5B3D2860}.Release|Any CPU.ActiveCfg = Release|Any CPU
		{F117ACB2-ACA8-44C4-A15B-5AAC5B3D2860}.Release|Any CPU.Build.0 = Release|Any CPU
	EndGlobalSection
	GlobalSection(SolutionProperties) = preSolution
		HideSolutionNode = FALSE
	EndGlobalSection
	GlobalSection(ExtensibilityGlobals) = postSolution
		SolutionGuid = {4D65686A-9571-45CD-A909-CF902D709408}
	EndGlobalSection
EndGlobal
